
Microsoft Visual Studio Solution File, Format Version 12.00
# Visual Studio Version 16
VisualStudioVersion = 16.0.32106.194
MinimumVisualStudioVersion = 10.0.40219.1
Project("{FAE04EC0-301F-11D3-BF4B-00C04F79EFBC}") = "EtherscanAssignment", "EtherscanAssignment\EtherscanAssignment.csproj", "{979A0EB1-D9BA-42A6-B783-1513C9B0CFE2}"
EndProject
Project("{FAE04EC0-301F-11D3-BF4B-00C04F79EFBC}") = "CrawlDataConsoleApp", "CrawlDataConsoleApp\CrawlDataConsoleApp.csproj", "{46483581-CD63-4D58-B28C-39B66F313AF4}"
EndProject
Project("{FAE04EC0-301F-11D3-BF4B-00C04F79EFBC}") = "EtherscanAssignment.Infrastructure", "EtherscanAssignment.Infrastructure\EtherscanAssignment.Infrastructure.csproj", "{EADA0A43-DE21-4805-A452-A1A25F079D9F}"
EndProject
Global
	GlobalSection(SolutionConfigurationPlatforms) = preSolution
		Debug|Any CPU = Debug|Any CPU
		Release|Any CPU = Release|Any CPU
	EndGlobalSection
	GlobalSection(ProjectConfigurationPlatforms) = postSolution
		{979A0EB1-D9BA-42A6-B783-1513C9B0CFE2}.Debug|Any CPU.ActiveCfg = Debug|Any CPU
		{979A0EB1-D9BA-42A6-B783-1513C9B0CFE2}.Debug|Any CPU.Build.0 = Debug|Any CPU
		{979A0EB1-D9BA-42A6-B783-1513C9B0CFE2}.Release|Any CPU.ActiveCfg = Release|Any CPU
		{979A0EB1-D9BA-42A6-B783-1513C9B0CFE2}.Release|Any CPU.Build.0 = Release|Any CPU
		{46483581-CD63-4D58-B28C-39B66F313AF4}.Debug|Any CPU.ActiveCfg = Debug|Any CPU
		{46483581-CD63-4D58-B28C-39B66F313AF4}.Debug|Any CPU.Build.0 = Debug|Any CPU
		{46483581-CD63-4D58-B28C-39B66F313AF4}.Release|Any CPU.ActiveCfg = Release|Any CPU
		{46483581-CD63-4D58-B28C-39B66F313AF4}.Release|Any CPU.Build.0 = Release|Any CPU
		{EADA0A43-DE21-4805-A452-A1A25F079D9F}.Debug|Any CPU.ActiveCfg = Debug|Any CPU
		{EADA0A43-DE21-4805-A452-A1A25F079D9F}.Debug|Any CPU.Build.0 = Debug|Any CPU
		{EADA0A43-DE21-4805-A452-A1A25F079D9F}.Release|Any CPU.ActiveCfg = Release|Any CPU
		{EADA0A43-DE21-4805-A452-A1A25F079D9F}.Release|Any CPU.Build.0 = Release|Any CPU
	EndGlobalSection
	GlobalSection(SolutionProperties) = preSolution
		HideSolutionNode = FALSE
	EndGlobalSection
	GlobalSection(ExtensibilityGlobals) = postSolution
		SolutionGuid = {C5DEBDFF-B1BD-4145-86CA-5A956236BD30}
	EndGlobalSection
EndGlobal
